
Microsoft Visual Studio Solution File, Format Version 12.00
# Visual Studio Version 16
VisualStudioVersion = 16.0.30611.23
MinimumVisualStudioVersion = 10.0.40219.1
Project("{9A19103F-16F7-4668-BE54-9A1E7A4F7556}") = "CommonBase", "CommonBase\CommonBase.csproj", "{E7E44B03-EA8F-46FF-BFC2-4456BFB2D262}"
EndProject
Project("{9A19103F-16F7-4668-BE54-9A1E7A4F7556}") = "Chinook.Contracts", "Chinook.Contracts\Chinook.Contracts.csproj", "{3E6F0829-DC17-4DB6-8E07-368403B39354}"
EndProject
Project("{9A19103F-16F7-4668-BE54-9A1E7A4F7556}") = "Chinook.Logic", "Chinook.Logic\Chinook.Logic.csproj", "{BDAAE800-F5F4-4542-91AA-D93C01489614}"
EndProject
Project("{9A19103F-16F7-4668-BE54-9A1E7A4F7556}") = "Chinook.ConApp", "Chinook.ConApp\Chinook.ConApp.csproj", "{FB1B7793-EF64-4ECC-893B-5407B70EA6C6}"
EndProject
Project("{9A19103F-16F7-4668-BE54-9A1E7A4F7556}") = "Chinook.Report", "Chinook.Report\Chinook.Report.csproj", "{E6F12492-7EC7-459D-9CBC-4228DB9B8E69}"
EndProject
Project("{9A19103F-16F7-4668-BE54-9A1E7A4F7556}") = "CsvMapper.Logic", "CsvMapper.Logic\CsvMapper.Logic.csproj", "{5A4AFF19-1A0B-4157-B371-BDA83797330B}"
EndProject
Project("{2150E333-8FDC-42A3-9474-1A3956D46DE8}") = "Solution Items", "Solution Items", "{3CF3EABB-A461-41B2-8FFC-7191FCBF4CDC}"
	ProjectSection(SolutionItems) = preProject
		Console.png = Console.png
		Models.png = Models.png
		README.md = README.md
	EndProjectSection
EndProject
Global
	GlobalSection(SolutionConfigurationPlatforms) = preSolution
		Debug|Any CPU = Debug|Any CPU
		Release|Any CPU = Release|Any CPU
	EndGlobalSection
	GlobalSection(ProjectConfigurationPlatforms) = postSolution
		{E7E44B03-EA8F-46FF-BFC2-4456BFB2D262}.Debug|Any CPU.ActiveCfg = Debug|Any CPU
		{E7E44B03-EA8F-46FF-BFC2-4456BFB2D262}.Debug|Any CPU.Build.0 = Debug|Any CPU
		{E7E44B03-EA8F-46FF-BFC2-4456BFB2D262}.Release|Any CPU.ActiveCfg = Release|Any CPU
		{E7E44B03-EA8F-46FF-BFC2-4456BFB2D262}.Release|Any CPU.Build.0 = Release|Any CPU
		{3E6F0829-DC17-4DB6-8E07-368403B39354}.Debug|Any CPU.ActiveCfg = Debug|Any CPU
		{3E6F0829-DC17-4DB6-8E07-368403B39354}.Debug|Any CPU.Build.0 = Debug|Any CPU
		{3E6F0829-DC17-4DB6-8E07-368403B39354}.Release|Any CPU.ActiveCfg = Release|Any CPU
		{3E6F0829-DC17-4DB6-8E07-368403B39354}.Release|Any CPU.Build.0 = Release|Any CPU
		{BDAAE800-F5F4-4542-91AA-D93C01489614}.Debug|Any CPU.ActiveCfg = Debug|Any CPU
		{BDAAE800-F5F4-4542-91AA-D93C01489614}.Debug|Any CPU.Build.0 = Debug|Any CPU
		{BDAAE800-F5F4-4542-91AA-D93C01489614}.Release|Any CPU.ActiveCfg = Release|Any CPU
		{BDAAE800-F5F4-4542-91AA-D93C01489614}.Release|Any CPU.Build.0 = Release|Any CPU
		{FB1B7793-EF64-4ECC-893B-5407B70EA6C6}.Debug|Any CPU.ActiveCfg = Debug|Any CPU
		{FB1B7793-EF64-4ECC-893B-5407B70EA6C6}.Debug|Any CPU.Build.0 = Debug|Any CPU
		{FB1B7793-EF64-4ECC-893B-5407B70EA6C6}.Release|Any CPU.ActiveCfg = Release|Any CPU
		{FB1B7793-EF64-4ECC-893B-5407B70EA6C6}.Release|Any CPU.Build.0 = Release|Any CPU
		{E6F12492-7EC7-459D-9CBC-4228DB9B8E69}.Debug|Any CPU.ActiveCfg = Debug|Any CPU
		{E6F12492-7EC7-459D-9CBC-4228DB9B8E69}.Debug|Any CPU.Build.0 = Debug|Any CPU
		{E6F12492-7EC7-459D-9CBC-4228DB9B8E69}.Release|Any CPU.ActiveCfg = Release|Any CPU
		{E6F12492-7EC7-459D-9CBC-4228DB9B8E69}.Release|Any CPU.Build.0 = Release|Any CPU
		{5A4AFF19-1A0B-4157-B371-BDA83797330B}.Debug|Any CPU.ActiveCfg = Debug|Any CPU
		{5A4AFF19-1A0B-4157-B371-BDA83797330B}.Debug|Any CPU.Build.0 = Debug|Any CPU
		{5A4AFF19-1A0B-4157-B371-BDA83797330B}.Release|Any CPU.ActiveCfg = Release|Any CPU
		{5A4AFF19-1A0B-4157-B371-BDA83797330B}.Release|Any CPU.Build.0 = Release|Any CPU
	EndGlobalSection
	GlobalSection(SolutionProperties) = preSolution
		HideSolutionNode = FALSE
	EndGlobalSection
	GlobalSection(ExtensibilityGlobals) = postSolution
		SolutionGuid = {9CDA6996-7AF0-4E8F-946C-90B04A5784E7}
	EndGlobalSection
EndGlobal
